// !$*UTF8*$!
{
	archiveVersion = 1;
	classes = {
	};
	objectVersion = 55;
	objects = {

/* Begin PBXBuildFile section */
		2232CB7927474C0300441E6D /* AuthService.swift in Sources */ = {isa = PBXBuildFile; fileRef = 2232CB7827474C0300441E6D /* AuthService.swift */; };
		2232CB7B274753D800441E6D /* AuthViewModelSpec.swift in Sources */ = {isa = PBXBuildFile; fileRef = 2232CB7A274753D800441E6D /* AuthViewModelSpec.swift */; };
		2232CB7E2747548300441E6D /* MockAuthService.swift in Sources */ = {isa = PBXBuildFile; fileRef = 2232CB7D2747548300441E6D /* MockAuthService.swift */; };
		2232CB832747E49000441E6D /* CodeScanner in Frameworks */ = {isa = PBXBuildFile; productRef = 2232CB822747E49000441E6D /* CodeScanner */; };
		2257C3272737A3E000699FDF /* SMPRSenarathne_COBSCComp201P_008App.swift in Sources */ = {isa = PBXBuildFile; fileRef = 2257C3262737A3E000699FDF /* SMPRSenarathne_COBSCComp201P_008App.swift */; };
		2257C3292737A3E000699FDF /* ContentView.swift in Sources */ = {isa = PBXBuildFile; fileRef = 2257C3282737A3E000699FDF /* ContentView.swift */; };
		2257C32B2737A3E100699FDF /* Assets.xcassets in Resources */ = {isa = PBXBuildFile; fileRef = 2257C32A2737A3E100699FDF /* Assets.xcassets */; };
		2257C32E2737A3E100699FDF /* Preview Assets.xcassets in Resources */ = {isa = PBXBuildFile; fileRef = 2257C32D2737A3E100699FDF /* Preview Assets.xcassets */; };
		2257C3382737A3E100699FDF /* SMPRSenarathne_COBSCComp201P_008Tests.swift in Sources */ = {isa = PBXBuildFile; fileRef = 2257C3372737A3E100699FDF /* SMPRSenarathne_COBSCComp201P_008Tests.swift */; };
		2257C3422737A3E100699FDF /* SMPRSenarathne_COBSCComp201P_008UITests.swift in Sources */ = {isa = PBXBuildFile; fileRef = 2257C3412737A3E100699FDF /* SMPRSenarathne_COBSCComp201P_008UITests.swift */; };
		2257C3442737A3E100699FDF /* SMPRSenarathne_COBSCComp201P_008UITestsLaunchTests.swift in Sources */ = {isa = PBXBuildFile; fileRef = 2257C3432737A3E100699FDF /* SMPRSenarathne_COBSCComp201P_008UITestsLaunchTests.swift */; };
		2257C3512737A59300699FDF /* GoogleService-Info.plist in Resources */ = {isa = PBXBuildFile; fileRef = 2257C3502737A59300699FDF /* GoogleService-Info.plist */; };
		2257C3572737A69200699FDF /* AuthViewModel.swift in Sources */ = {isa = PBXBuildFile; fileRef = 2257C3562737A69200699FDF /* AuthViewModel.swift */; };
		2257C3592737A6B400699FDF /* UserModel.swift in Sources */ = {isa = PBXBuildFile; fileRef = 2257C3582737A6B400699FDF /* UserModel.swift */; };
		2257C35B2737A6D900699FDF /* MemberModel.swift in Sources */ = {isa = PBXBuildFile; fileRef = 2257C35A2737A6D900699FDF /* MemberModel.swift */; };
		2257C35D2737A6FC00699FDF /* ParkingLotModel.swift in Sources */ = {isa = PBXBuildFile; fileRef = 2257C35C2737A6FC00699FDF /* ParkingLotModel.swift */; };
		2257C35F2737A74B00699FDF /* SignInView.swift in Sources */ = {isa = PBXBuildFile; fileRef = 2257C35E2737A74B00699FDF /* SignInView.swift */; };
		2257C3612737A77500699FDF /* SignUpView.swift in Sources */ = {isa = PBXBuildFile; fileRef = 2257C3602737A77500699FDF /* SignUpView.swift */; };
		2257C3632737A79A00699FDF /* SettingsView.swift in Sources */ = {isa = PBXBuildFile; fileRef = 2257C3622737A79A00699FDF /* SettingsView.swift */; };
		2257C3652737A7B600699FDF /* HomeView.swift in Sources */ = {isa = PBXBuildFile; fileRef = 2257C3642737A7B600699FDF /* HomeView.swift */; };
		2257C3672737A7F200699FDF /* BookingView.swift in Sources */ = {isa = PBXBuildFile; fileRef = 2257C3662737A7F200699FDF /* BookingView.swift */; };
		2257C3692737A81B00699FDF /* HomeViewModel.swift in Sources */ = {isa = PBXBuildFile; fileRef = 2257C3682737A81B00699FDF /* HomeViewModel.swift */; };
		2257C36B2737A83F00699FDF /* BookingViewModel.swift in Sources */ = {isa = PBXBuildFile; fileRef = 2257C36A2737A83F00699FDF /* BookingViewModel.swift */; };
		2257C36D2737A85900699FDF /* SettingsViewModel.swift in Sources */ = {isa = PBXBuildFile; fileRef = 2257C36C2737A85900699FDF /* SettingsViewModel.swift */; };
		2264A996273BBA91008DAEA3 /* LaunchView.storyboard in Resources */ = {isa = PBXBuildFile; fileRef = 2264A995273BBA91008DAEA3 /* LaunchView.storyboard */; };
		227898F5273C1B5C00E0B27A /* ForgotPasswordView.swift in Sources */ = {isa = PBXBuildFile; fileRef = 227898F4273C1B5C00E0B27A /* ForgotPasswordView.swift */; };
		22B1F5952737D828002CF7EF /* BookingModel.swift in Sources */ = {isa = PBXBuildFile; fileRef = 22B1F5942737D828002CF7EF /* BookingModel.swift */; };
		546E65069BFB90EECACBF8FB /* Pods_SMPRSenarathne_COBSCComp201P_008_SMPRSenarathne_COBSCComp201P_008UITests.framework in Frameworks */ = {isa = PBXBuildFile; fileRef = D6DCB8EC111BDBBF4E6D8424 /* Pods_SMPRSenarathne_COBSCComp201P_008_SMPRSenarathne_COBSCComp201P_008UITests.framework */; };
		715FD93A46E0ED124358E955 /* Pods_SMPRSenarathne_COBSCComp201P_008.framework in Frameworks */ = {isa = PBXBuildFile; fileRef = 9459D998E87AB1E355B14707 /* Pods_SMPRSenarathne_COBSCComp201P_008.framework */; };
		BDE17DA94FB312BD70517985 /* Pods_SMPRSenarathne_COBSCComp201P_008Tests.framework in Frameworks */ = {isa = PBXBuildFile; fileRef = 0D5A7F7C0A2D6913CB81B969 /* Pods_SMPRSenarathne_COBSCComp201P_008Tests.framework */; };
/* End PBXBuildFile section */

/* Begin PBXContainerItemProxy section */
		2257C3342737A3E100699FDF /* PBXContainerItemProxy */ = {
			isa = PBXContainerItemProxy;
			containerPortal = 2257C31B2737A3E000699FDF /* Project object */;
			proxyType = 1;
			remoteGlobalIDString = 2257C3222737A3E000699FDF;
			remoteInfo = SMPRSenarathne_COBSCComp201P_008;
		};
		2257C33E2737A3E100699FDF /* PBXContainerItemProxy */ = {
			isa = PBXContainerItemProxy;
			containerPortal = 2257C31B2737A3E000699FDF /* Project object */;
			proxyType = 1;
			remoteGlobalIDString = 2257C3222737A3E000699FDF;
			remoteInfo = SMPRSenarathne_COBSCComp201P_008;
		};
/* End PBXContainerItemProxy section */

/* Begin PBXFileReference section */
		0D5A7F7C0A2D6913CB81B969 /* Pods_SMPRSenarathne_COBSCComp201P_008Tests.framework */ = {isa = PBXFileReference; explicitFileType = wrapper.framework; includeInIndex = 0; path = Pods_SMPRSenarathne_COBSCComp201P_008Tests.framework; sourceTree = BUILT_PRODUCTS_DIR; };
		2232CB7827474C0300441E6D /* AuthService.swift */ = {isa = PBXFileReference; lastKnownFileType = sourcecode.swift; path = AuthService.swift; sourceTree = "<group>"; };
		2232CB7A274753D800441E6D /* AuthViewModelSpec.swift */ = {isa = PBXFileReference; lastKnownFileType = sourcecode.swift; path = AuthViewModelSpec.swift; sourceTree = "<group>"; };
		2232CB7D2747548300441E6D /* MockAuthService.swift */ = {isa = PBXFileReference; lastKnownFileType = sourcecode.swift; path = MockAuthService.swift; sourceTree = "<group>"; };
		2232CB802747E37C00441E6D /* SMPRSenarathne-COBSCComp201P-008-Info.plist */ = {isa = PBXFileReference; lastKnownFileType = text.plist; path = "SMPRSenarathne-COBSCComp201P-008-Info.plist"; sourceTree = SOURCE_ROOT; };
		2257C3232737A3E000699FDF /* SMPRSenarathne_COBSCComp201P_008.app */ = {isa = PBXFileReference; explicitFileType = wrapper.application; includeInIndex = 0; path = SMPRSenarathne_COBSCComp201P_008.app; sourceTree = BUILT_PRODUCTS_DIR; };
		2257C3262737A3E000699FDF /* SMPRSenarathne_COBSCComp201P_008App.swift */ = {isa = PBXFileReference; lastKnownFileType = sourcecode.swift; path = SMPRSenarathne_COBSCComp201P_008App.swift; sourceTree = "<group>"; };
		2257C3282737A3E000699FDF /* ContentView.swift */ = {isa = PBXFileReference; lastKnownFileType = sourcecode.swift; path = ContentView.swift; sourceTree = "<group>"; };
		2257C32A2737A3E100699FDF /* Assets.xcassets */ = {isa = PBXFileReference; lastKnownFileType = folder.assetcatalog; path = Assets.xcassets; sourceTree = "<group>"; };
		2257C32D2737A3E100699FDF /* Preview Assets.xcassets */ = {isa = PBXFileReference; lastKnownFileType = folder.assetcatalog; path = "Preview Assets.xcassets"; sourceTree = "<group>"; };
		2257C3332737A3E100699FDF /* SMPRSenarathne_COBSCComp201P_008Tests.xctest */ = {isa = PBXFileReference; explicitFileType = wrapper.cfbundle; includeInIndex = 0; path = SMPRSenarathne_COBSCComp201P_008Tests.xctest; sourceTree = BUILT_PRODUCTS_DIR; };
		2257C3372737A3E100699FDF /* SMPRSenarathne_COBSCComp201P_008Tests.swift */ = {isa = PBXFileReference; lastKnownFileType = sourcecode.swift; path = SMPRSenarathne_COBSCComp201P_008Tests.swift; sourceTree = "<group>"; };
		2257C33D2737A3E100699FDF /* SMPRSenarathne_COBSCComp201P_008UITests.xctest */ = {isa = PBXFileReference; explicitFileType = wrapper.cfbundle; includeInIndex = 0; path = SMPRSenarathne_COBSCComp201P_008UITests.xctest; sourceTree = BUILT_PRODUCTS_DIR; };
		2257C3412737A3E100699FDF /* SMPRSenarathne_COBSCComp201P_008UITests.swift */ = {isa = PBXFileReference; lastKnownFileType = sourcecode.swift; path = SMPRSenarathne_COBSCComp201P_008UITests.swift; sourceTree = "<group>"; };
		2257C3432737A3E100699FDF /* SMPRSenarathne_COBSCComp201P_008UITestsLaunchTests.swift */ = {isa = PBXFileReference; lastKnownFileType = sourcecode.swift; path = SMPRSenarathne_COBSCComp201P_008UITestsLaunchTests.swift; sourceTree = "<group>"; };
		2257C3502737A59300699FDF /* GoogleService-Info.plist */ = {isa = PBXFileReference; fileEncoding = 4; lastKnownFileType = text.plist.xml; path = "GoogleService-Info.plist"; sourceTree = "<group>"; };
		2257C3562737A69200699FDF /* AuthViewModel.swift */ = {isa = PBXFileReference; lastKnownFileType = sourcecode.swift; path = AuthViewModel.swift; sourceTree = "<group>"; };
		2257C3582737A6B400699FDF /* UserModel.swift */ = {isa = PBXFileReference; lastKnownFileType = sourcecode.swift; path = UserModel.swift; sourceTree = "<group>"; };
		2257C35A2737A6D900699FDF /* MemberModel.swift */ = {isa = PBXFileReference; lastKnownFileType = sourcecode.swift; path = MemberModel.swift; sourceTree = "<group>"; };
		2257C35C2737A6FC00699FDF /* ParkingLotModel.swift */ = {isa = PBXFileReference; lastKnownFileType = sourcecode.swift; path = ParkingLotModel.swift; sourceTree = "<group>"; };
		2257C35E2737A74B00699FDF /* SignInView.swift */ = {isa = PBXFileReference; lastKnownFileType = sourcecode.swift; path = SignInView.swift; sourceTree = "<group>"; };
		2257C3602737A77500699FDF /* SignUpView.swift */ = {isa = PBXFileReference; lastKnownFileType = sourcecode.swift; path = SignUpView.swift; sourceTree = "<group>"; };
		2257C3622737A79A00699FDF /* SettingsView.swift */ = {isa = PBXFileReference; lastKnownFileType = sourcecode.swift; path = SettingsView.swift; sourceTree = "<group>"; };
		2257C3642737A7B600699FDF /* HomeView.swift */ = {isa = PBXFileReference; lastKnownFileType = sourcecode.swift; path = HomeView.swift; sourceTree = "<group>"; };
		2257C3662737A7F200699FDF /* BookingView.swift */ = {isa = PBXFileReference; lastKnownFileType = sourcecode.swift; path = BookingView.swift; sourceTree = "<group>"; };
		2257C3682737A81B00699FDF /* HomeViewModel.swift */ = {isa = PBXFileReference; lastKnownFileType = sourcecode.swift; path = HomeViewModel.swift; sourceTree = "<group>"; };
		2257C36A2737A83F00699FDF /* BookingViewModel.swift */ = {isa = PBXFileReference; lastKnownFileType = sourcecode.swift; path = BookingViewModel.swift; sourceTree = "<group>"; };
		2257C36C2737A85900699FDF /* SettingsViewModel.swift */ = {isa = PBXFileReference; lastKnownFileType = sourcecode.swift; path = SettingsViewModel.swift; sourceTree = "<group>"; };
		2264A995273BBA91008DAEA3 /* LaunchView.storyboard */ = {isa = PBXFileReference; lastKnownFileType = file.storyboard; path = LaunchView.storyboard; sourceTree = "<group>"; };
		227898F4273C1B5C00E0B27A /* ForgotPasswordView.swift */ = {isa = PBXFileReference; lastKnownFileType = sourcecode.swift; path = ForgotPasswordView.swift; sourceTree = "<group>"; };
		22B1F5942737D828002CF7EF /* BookingModel.swift */ = {isa = PBXFileReference; lastKnownFileType = sourcecode.swift; path = BookingModel.swift; sourceTree = "<group>"; };
		370684B91C372D2D27B386D2 /* Pods-SMPRSenarathne_COBSCComp201P_008.release.xcconfig */ = {isa = PBXFileReference; includeInIndex = 1; lastKnownFileType = text.xcconfig; name = "Pods-SMPRSenarathne_COBSCComp201P_008.release.xcconfig"; path = "Target Support Files/Pods-SMPRSenarathne_COBSCComp201P_008/Pods-SMPRSenarathne_COBSCComp201P_008.release.xcconfig"; sourceTree = "<group>"; };
		63BE889F508BC910C7E80FC0 /* Pods-SMPRSenarathne_COBSCComp201P_008Tests.release.xcconfig */ = {isa = PBXFileReference; includeInIndex = 1; lastKnownFileType = text.xcconfig; name = "Pods-SMPRSenarathne_COBSCComp201P_008Tests.release.xcconfig"; path = "Target Support Files/Pods-SMPRSenarathne_COBSCComp201P_008Tests/Pods-SMPRSenarathne_COBSCComp201P_008Tests.release.xcconfig"; sourceTree = "<group>"; };
		8097B27C3162D2F971694DAB /* Pods-SMPRSenarathne_COBSCComp201P_008-SMPRSenarathne_COBSCComp201P_008UITests.debug.xcconfig */ = {isa = PBXFileReference; includeInIndex = 1; lastKnownFileType = text.xcconfig; name = "Pods-SMPRSenarathne_COBSCComp201P_008-SMPRSenarathne_COBSCComp201P_008UITests.debug.xcconfig"; path = "Target Support Files/Pods-SMPRSenarathne_COBSCComp201P_008-SMPRSenarathne_COBSCComp201P_008UITests/Pods-SMPRSenarathne_COBSCComp201P_008-SMPRSenarathne_COBSCComp201P_008UITests.debug.xcconfig"; sourceTree = "<group>"; };
		9459D998E87AB1E355B14707 /* Pods_SMPRSenarathne_COBSCComp201P_008.framework */ = {isa = PBXFileReference; explicitFileType = wrapper.framework; includeInIndex = 0; path = Pods_SMPRSenarathne_COBSCComp201P_008.framework; sourceTree = BUILT_PRODUCTS_DIR; };
		9CD9AC0F858D0BD24B1628E9 /* Pods-SMPRSenarathne_COBSCComp201P_008-SMPRSenarathne_COBSCComp201P_008UITests.release.xcconfig */ = {isa = PBXFileReference; includeInIndex = 1; lastKnownFileType = text.xcconfig; name = "Pods-SMPRSenarathne_COBSCComp201P_008-SMPRSenarathne_COBSCComp201P_008UITests.release.xcconfig"; path = "Target Support Files/Pods-SMPRSenarathne_COBSCComp201P_008-SMPRSenarathne_COBSCComp201P_008UITests/Pods-SMPRSenarathne_COBSCComp201P_008-SMPRSenarathne_COBSCComp201P_008UITests.release.xcconfig"; sourceTree = "<group>"; };
		BF37FF2FECF592CF8F313611 /* Pods-SMPRSenarathne_COBSCComp201P_008.debug.xcconfig */ = {isa = PBXFileReference; includeInIndex = 1; lastKnownFileType = text.xcconfig; name = "Pods-SMPRSenarathne_COBSCComp201P_008.debug.xcconfig"; path = "Target Support Files/Pods-SMPRSenarathne_COBSCComp201P_008/Pods-SMPRSenarathne_COBSCComp201P_008.debug.xcconfig"; sourceTree = "<group>"; };
		D1DBCFA272BCF9779728D35B /* Pods-SMPRSenarathne_COBSCComp201P_008Tests.debug.xcconfig */ = {isa = PBXFileReference; includeInIndex = 1; lastKnownFileType = text.xcconfig; name = "Pods-SMPRSenarathne_COBSCComp201P_008Tests.debug.xcconfig"; path = "Target Support Files/Pods-SMPRSenarathne_COBSCComp201P_008Tests/Pods-SMPRSenarathne_COBSCComp201P_008Tests.debug.xcconfig"; sourceTree = "<group>"; };
		D6DCB8EC111BDBBF4E6D8424 /* Pods_SMPRSenarathne_COBSCComp201P_008_SMPRSenarathne_COBSCComp201P_008UITests.framework */ = {isa = PBXFileReference; explicitFileType = wrapper.framework; includeInIndex = 0; path = Pods_SMPRSenarathne_COBSCComp201P_008_SMPRSenarathne_COBSCComp201P_008UITests.framework; sourceTree = BUILT_PRODUCTS_DIR; };
/* End PBXFileReference section */

/* Begin PBXFrameworksBuildPhase section */
		2257C3202737A3E000699FDF /* Frameworks */ = {
			isa = PBXFrameworksBuildPhase;
			buildActionMask = 2147483647;
			files = (
				2232CB832747E49000441E6D /* CodeScanner in Frameworks */,
				715FD93A46E0ED124358E955 /* Pods_SMPRSenarathne_COBSCComp201P_008.framework in Frameworks */,
			);
			runOnlyForDeploymentPostprocessing = 0;
		};
		2257C3302737A3E100699FDF /* Frameworks */ = {
			isa = PBXFrameworksBuildPhase;
			buildActionMask = 2147483647;
			files = (
				BDE17DA94FB312BD70517985 /* Pods_SMPRSenarathne_COBSCComp201P_008Tests.framework in Frameworks */,
			);
			runOnlyForDeploymentPostprocessing = 0;
		};
		2257C33A2737A3E100699FDF /* Frameworks */ = {
			isa = PBXFrameworksBuildPhase;
			buildActionMask = 2147483647;
			files = (
				546E65069BFB90EECACBF8FB /* Pods_SMPRSenarathne_COBSCComp201P_008_SMPRSenarathne_COBSCComp201P_008UITests.framework in Frameworks */,
			);
			runOnlyForDeploymentPostprocessing = 0;
		};
/* End PBXFrameworksBuildPhase section */

/* Begin PBXGroup section */
		2232CB7727474BE900441E6D /* Service */ = {
			isa = PBXGroup;
			children = (
				2232CB7827474C0300441E6D /* AuthService.swift */,
			);
			path = Service;
			sourceTree = "<group>";
		};
		2232CB7C2747546300441E6D /* Mock */ = {
			isa = PBXGroup;
			children = (
				2232CB7D2747548300441E6D /* MockAuthService.swift */,
			);
			path = Mock;
			sourceTree = "<group>";
		};
		2232CB7F2747553D00441E6D /* Spec */ = {
			isa = PBXGroup;
			children = (
				2232CB7A274753D800441E6D /* AuthViewModelSpec.swift */,
			);
			path = Spec;
			sourceTree = "<group>";
		};
		2257C31A2737A3E000699FDF = {
			isa = PBXGroup;
			children = (
				2257C3252737A3E000699FDF /* SMPRSenarathne_COBSCComp201P_008 */,
				2257C3362737A3E100699FDF /* SMPRSenarathne_COBSCComp201P_008Tests */,
				2257C3402737A3E100699FDF /* SMPRSenarathne_COBSCComp201P_008UITests */,
				2257C3242737A3E000699FDF /* Products */,
				91A507742CC2AF91DA82A99A /* Pods */,
				7EFD1E4564E793FC06B3B1E9 /* Frameworks */,
			);
			sourceTree = "<group>";
		};
		2257C3242737A3E000699FDF /* Products */ = {
			isa = PBXGroup;
			children = (
				2257C3232737A3E000699FDF /* SMPRSenarathne_COBSCComp201P_008.app */,
				2257C3332737A3E100699FDF /* SMPRSenarathne_COBSCComp201P_008Tests.xctest */,
				2257C33D2737A3E100699FDF /* SMPRSenarathne_COBSCComp201P_008UITests.xctest */,
			);
			name = Products;
			sourceTree = "<group>";
		};
		2257C3252737A3E000699FDF /* SMPRSenarathne_COBSCComp201P_008 */ = {
			isa = PBXGroup;
			children = (
				2232CB802747E37C00441E6D /* SMPRSenarathne-COBSCComp201P-008-Info.plist */,
				2232CB7727474BE900441E6D /* Service */,
				2257C3552737A65F00699FDF /* Model */,
				2257C3542737A64B00699FDF /* ViewModel */,
				2257C3522737A63600699FDF /* View */,
				2257C3502737A59300699FDF /* GoogleService-Info.plist */,
				2257C3262737A3E000699FDF /* SMPRSenarathne_COBSCComp201P_008App.swift */,
				2257C32A2737A3E100699FDF /* Assets.xcassets */,
				2257C32C2737A3E100699FDF /* Preview Content */,
			);
			path = SMPRSenarathne_COBSCComp201P_008;
			sourceTree = "<group>";
		};
		2257C32C2737A3E100699FDF /* Preview Content */ = {
			isa = PBXGroup;
			children = (
				2257C32D2737A3E100699FDF /* Preview Assets.xcassets */,
			);
			path = "Preview Content";
			sourceTree = "<group>";
		};
		2257C3362737A3E100699FDF /* SMPRSenarathne_COBSCComp201P_008Tests */ = {
			isa = PBXGroup;
			children = (
				2232CB7F2747553D00441E6D /* Spec */,
				2232CB7C2747546300441E6D /* Mock */,
				2257C3372737A3E100699FDF /* SMPRSenarathne_COBSCComp201P_008Tests.swift */,
			);
			path = SMPRSenarathne_COBSCComp201P_008Tests;
			sourceTree = "<group>";
		};
		2257C3402737A3E100699FDF /* SMPRSenarathne_COBSCComp201P_008UITests */ = {
			isa = PBXGroup;
			children = (
				2257C3412737A3E100699FDF /* SMPRSenarathne_COBSCComp201P_008UITests.swift */,
				2257C3432737A3E100699FDF /* SMPRSenarathne_COBSCComp201P_008UITestsLaunchTests.swift */,
			);
			path = SMPRSenarathne_COBSCComp201P_008UITests;
			sourceTree = "<group>";
		};
		2257C3522737A63600699FDF /* View */ = {
			isa = PBXGroup;
			children = (
				2257C3282737A3E000699FDF /* ContentView.swift */,
				2257C35E2737A74B00699FDF /* SignInView.swift */,
				2257C3602737A77500699FDF /* SignUpView.swift */,
				2257C3622737A79A00699FDF /* SettingsView.swift */,
				2257C3642737A7B600699FDF /* HomeView.swift */,
				2257C3662737A7F200699FDF /* BookingView.swift */,
				2264A995273BBA91008DAEA3 /* LaunchView.storyboard */,
				227898F4273C1B5C00E0B27A /* ForgotPasswordView.swift */,
			);
			path = View;
			sourceTree = "<group>";
		};
		2257C3542737A64B00699FDF /* ViewModel */ = {
			isa = PBXGroup;
			children = (
				2257C3562737A69200699FDF /* AuthViewModel.swift */,
				2257C3682737A81B00699FDF /* HomeViewModel.swift */,
				2257C36A2737A83F00699FDF /* BookingViewModel.swift */,
				2257C36C2737A85900699FDF /* SettingsViewModel.swift */,
			);
			path = ViewModel;
			sourceTree = "<group>";
		};
		2257C3552737A65F00699FDF /* Model */ = {
			isa = PBXGroup;
			children = (
				2257C3582737A6B400699FDF /* UserModel.swift */,
				2257C35A2737A6D900699FDF /* MemberModel.swift */,
				2257C35C2737A6FC00699FDF /* ParkingLotModel.swift */,
				22B1F5942737D828002CF7EF /* BookingModel.swift */,
			);
			path = Model;
			sourceTree = "<group>";
		};
		7EFD1E4564E793FC06B3B1E9 /* Frameworks */ = {
			isa = PBXGroup;
			children = (
				9459D998E87AB1E355B14707 /* Pods_SMPRSenarathne_COBSCComp201P_008.framework */,
				D6DCB8EC111BDBBF4E6D8424 /* Pods_SMPRSenarathne_COBSCComp201P_008_SMPRSenarathne_COBSCComp201P_008UITests.framework */,
				0D5A7F7C0A2D6913CB81B969 /* Pods_SMPRSenarathne_COBSCComp201P_008Tests.framework */,
			);
			name = Frameworks;
			sourceTree = "<group>";
		};
		91A507742CC2AF91DA82A99A /* Pods */ = {
			isa = PBXGroup;
			children = (
				BF37FF2FECF592CF8F313611 /* Pods-SMPRSenarathne_COBSCComp201P_008.debug.xcconfig */,
				370684B91C372D2D27B386D2 /* Pods-SMPRSenarathne_COBSCComp201P_008.release.xcconfig */,
				8097B27C3162D2F971694DAB /* Pods-SMPRSenarathne_COBSCComp201P_008-SMPRSenarathne_COBSCComp201P_008UITests.debug.xcconfig */,
				9CD9AC0F858D0BD24B1628E9 /* Pods-SMPRSenarathne_COBSCComp201P_008-SMPRSenarathne_COBSCComp201P_008UITests.release.xcconfig */,
				D1DBCFA272BCF9779728D35B /* Pods-SMPRSenarathne_COBSCComp201P_008Tests.debug.xcconfig */,
				63BE889F508BC910C7E80FC0 /* Pods-SMPRSenarathne_COBSCComp201P_008Tests.release.xcconfig */,
			);
			path = Pods;
			sourceTree = "<group>";
		};
/* End PBXGroup section */

/* Begin PBXNativeTarget section */
		2257C3222737A3E000699FDF /* SMPRSenarathne_COBSCComp201P_008 */ = {
			isa = PBXNativeTarget;
			buildConfigurationList = 2257C3472737A3E100699FDF /* Build configuration list for PBXNativeTarget "SMPRSenarathne_COBSCComp201P_008" */;
			buildPhases = (
				D8B86408E143733573549662 /* [CP] Check Pods Manifest.lock */,
				2257C31F2737A3E000699FDF /* Sources */,
				2257C3202737A3E000699FDF /* Frameworks */,
				2257C3212737A3E000699FDF /* Resources */,
				7376FE73FF45B8D93CA879A3 /* [CP] Embed Pods Frameworks */,
			);
			buildRules = (
			);
			dependencies = (
			);
			name = SMPRSenarathne_COBSCComp201P_008;
			packageProductDependencies = (
				2232CB822747E49000441E6D /* CodeScanner */,
			);
			productName = SMPRSenarathne_COBSCComp201P_008;
			productReference = 2257C3232737A3E000699FDF /* SMPRSenarathne_COBSCComp201P_008.app */;
			productType = "com.apple.product-type.application";
		};
		2257C3322737A3E100699FDF /* SMPRSenarathne_COBSCComp201P_008Tests */ = {
			isa = PBXNativeTarget;
			buildConfigurationList = 2257C34A2737A3E100699FDF /* Build configuration list for PBXNativeTarget "SMPRSenarathne_COBSCComp201P_008Tests" */;
			buildPhases = (
				65F6E9FBED3831AECF199122 /* [CP] Check Pods Manifest.lock */,
				2257C32F2737A3E100699FDF /* Sources */,
				2257C3302737A3E100699FDF /* Frameworks */,
				2257C3312737A3E100699FDF /* Resources */,
			);
			buildRules = (
			);
			dependencies = (
				2257C3352737A3E100699FDF /* PBXTargetDependency */,
			);
			name = SMPRSenarathne_COBSCComp201P_008Tests;
			productName = SMPRSenarathne_COBSCComp201P_008Tests;
			productReference = 2257C3332737A3E100699FDF /* SMPRSenarathne_COBSCComp201P_008Tests.xctest */;
			productType = "com.apple.product-type.bundle.unit-test";
		};
		2257C33C2737A3E100699FDF /* SMPRSenarathne_COBSCComp201P_008UITests */ = {
			isa = PBXNativeTarget;
			buildConfigurationList = 2257C34D2737A3E100699FDF /* Build configuration list for PBXNativeTarget "SMPRSenarathne_COBSCComp201P_008UITests" */;
			buildPhases = (
				8D5E250C7DBC404DD2B18545 /* [CP] Check Pods Manifest.lock */,
				2257C3392737A3E100699FDF /* Sources */,
				2257C33A2737A3E100699FDF /* Frameworks */,
				2257C33B2737A3E100699FDF /* Resources */,
				1AF25355DEB47F665E22CE64 /* [CP] Embed Pods Frameworks */,
			);
			buildRules = (
			);
			dependencies = (
				2257C33F2737A3E100699FDF /* PBXTargetDependency */,
			);
			name = SMPRSenarathne_COBSCComp201P_008UITests;
			productName = SMPRSenarathne_COBSCComp201P_008UITests;
			productReference = 2257C33D2737A3E100699FDF /* SMPRSenarathne_COBSCComp201P_008UITests.xctest */;
			productType = "com.apple.product-type.bundle.ui-testing";
		};
/* End PBXNativeTarget section */

/* Begin PBXProject section */
		2257C31B2737A3E000699FDF /* Project object */ = {
			isa = PBXProject;
			attributes = {
				BuildIndependentTargetsInParallel = 1;
				LastSwiftUpdateCheck = 1310;
				LastUpgradeCheck = 1310;
				TargetAttributes = {
					2257C3222737A3E000699FDF = {
						CreatedOnToolsVersion = 13.1;
					};
					2257C3322737A3E100699FDF = {
						CreatedOnToolsVersion = 13.1;
						TestTargetID = 2257C3222737A3E000699FDF;
					};
					2257C33C2737A3E100699FDF = {
						CreatedOnToolsVersion = 13.1;
						TestTargetID = 2257C3222737A3E000699FDF;
					};
				};
			};
			buildConfigurationList = 2257C31E2737A3E000699FDF /* Build configuration list for PBXProject "SMPRSenarathne_COBSCComp201P_008" */;
			compatibilityVersion = "Xcode 13.0";
			developmentRegion = en;
			hasScannedForEncodings = 0;
			knownRegions = (
				en,
				Base,
			);
			mainGroup = 2257C31A2737A3E000699FDF;
			packageReferences = (
				2232CB812747E49000441E6D /* XCRemoteSwiftPackageReference "CodeScanner" */,
			);
			productRefGroup = 2257C3242737A3E000699FDF /* Products */;
			projectDirPath = "";
			projectRoot = "";
			targets = (
				2257C3222737A3E000699FDF /* SMPRSenarathne_COBSCComp201P_008 */,
				2257C3322737A3E100699FDF /* SMPRSenarathne_COBSCComp201P_008Tests */,
				2257C33C2737A3E100699FDF /* SMPRSenarathne_COBSCComp201P_008UITests */,
			);
		};
/* End PBXProject section */

/* Begin PBXResourcesBuildPhase section */
		2257C3212737A3E000699FDF /* Resources */ = {
			isa = PBXResourcesBuildPhase;
			buildActionMask = 2147483647;
			files = (
				2257C32E2737A3E100699FDF /* Preview Assets.xcassets in Resources */,
				2257C32B2737A3E100699FDF /* Assets.xcassets in Resources */,
				2264A996273BBA91008DAEA3 /* LaunchView.storyboard in Resources */,
				2257C3512737A59300699FDF /* GoogleService-Info.plist in Resources */,
			);
			runOnlyForDeploymentPostprocessing = 0;
		};
		2257C3312737A3E100699FDF /* Resources */ = {
			isa = PBXResourcesBuildPhase;
			buildActionMask = 2147483647;
			files = (
			);
			runOnlyForDeploymentPostprocessing = 0;
		};
		2257C33B2737A3E100699FDF /* Resources */ = {
			isa = PBXResourcesBuildPhase;
			buildActionMask = 2147483647;
			files = (
			);
			runOnlyForDeploymentPostprocessing = 0;
		};
/* End PBXResourcesBuildPhase section */

/* Begin PBXShellScriptBuildPhase section */
		1AF25355DEB47F665E22CE64 /* [CP] Embed Pods Frameworks */ = {
			isa = PBXShellScriptBuildPhase;
			buildActionMask = 2147483647;
			files = (
			);
			inputFileListPaths = (
				"${PODS_ROOT}/Target Support Files/Pods-SMPRSenarathne_COBSCComp201P_008-SMPRSenarathne_COBSCComp201P_008UITests/Pods-SMPRSenarathne_COBSCComp201P_008-SMPRSenarathne_COBSCComp201P_008UITests-frameworks-${CONFIGURATION}-input-files.xcfilelist",
			);
			name = "[CP] Embed Pods Frameworks";
			outputFileListPaths = (
				"${PODS_ROOT}/Target Support Files/Pods-SMPRSenarathne_COBSCComp201P_008-SMPRSenarathne_COBSCComp201P_008UITests/Pods-SMPRSenarathne_COBSCComp201P_008-SMPRSenarathne_COBSCComp201P_008UITests-frameworks-${CONFIGURATION}-output-files.xcfilelist",
			);
			runOnlyForDeploymentPostprocessing = 0;
			shellPath = /bin/sh;
			shellScript = "\"${PODS_ROOT}/Target Support Files/Pods-SMPRSenarathne_COBSCComp201P_008-SMPRSenarathne_COBSCComp201P_008UITests/Pods-SMPRSenarathne_COBSCComp201P_008-SMPRSenarathne_COBSCComp201P_008UITests-frameworks.sh\"\n";
			showEnvVarsInLog = 0;
		};
		65F6E9FBED3831AECF199122 /* [CP] Check Pods Manifest.lock */ = {
			isa = PBXShellScriptBuildPhase;
			buildActionMask = 2147483647;
			files = (
			);
			inputFileListPaths = (
			);
			inputPaths = (
				"${PODS_PODFILE_DIR_PATH}/Podfile.lock",
				"${PODS_ROOT}/Manifest.lock",
			);
			name = "[CP] Check Pods Manifest.lock";
			outputFileListPaths = (
			);
			outputPaths = (
				"$(DERIVED_FILE_DIR)/Pods-SMPRSenarathne_COBSCComp201P_008Tests-checkManifestLockResult.txt",
			);
			runOnlyForDeploymentPostprocessing = 0;
			shellPath = /bin/sh;
			shellScript = "diff \"${PODS_PODFILE_DIR_PATH}/Podfile.lock\" \"${PODS_ROOT}/Manifest.lock\" > /dev/null\nif [ $? != 0 ] ; then\n    # print error to STDERR\n    echo \"error: The sandbox is not in sync with the Podfile.lock. Run 'pod install' or update your CocoaPods installation.\" >&2\n    exit 1\nfi\n# This output is used by Xcode 'outputs' to avoid re-running this script phase.\necho \"SUCCESS\" > \"${SCRIPT_OUTPUT_FILE_0}\"\n";
			showEnvVarsInLog = 0;
		};
		7376FE73FF45B8D93CA879A3 /* [CP] Embed Pods Frameworks */ = {
			isa = PBXShellScriptBuildPhase;
			buildActionMask = 2147483647;
			files = (
			);
			inputFileListPaths = (
				"${PODS_ROOT}/Target Support Files/Pods-SMPRSenarathne_COBSCComp201P_008/Pods-SMPRSenarathne_COBSCComp201P_008-frameworks-${CONFIGURATION}-input-files.xcfilelist",
			);
			name = "[CP] Embed Pods Frameworks";
			outputFileListPaths = (
				"${PODS_ROOT}/Target Support Files/Pods-SMPRSenarathne_COBSCComp201P_008/Pods-SMPRSenarathne_COBSCComp201P_008-frameworks-${CONFIGURATION}-output-files.xcfilelist",
			);
			runOnlyForDeploymentPostprocessing = 0;
			shellPath = /bin/sh;
			shellScript = "\"${PODS_ROOT}/Target Support Files/Pods-SMPRSenarathne_COBSCComp201P_008/Pods-SMPRSenarathne_COBSCComp201P_008-frameworks.sh\"\n";
			showEnvVarsInLog = 0;
		};
		8D5E250C7DBC404DD2B18545 /* [CP] Check Pods Manifest.lock */ = {
			isa = PBXShellScriptBuildPhase;
			buildActionMask = 2147483647;
			files = (
			);
			inputFileListPaths = (
			);
			inputPaths = (
				"${PODS_PODFILE_DIR_PATH}/Podfile.lock",
				"${PODS_ROOT}/Manifest.lock",
			);
			name = "[CP] Check Pods Manifest.lock";
			outputFileListPaths = (
			);
			outputPaths = (
				"$(DERIVED_FILE_DIR)/Pods-SMPRSenarathne_COBSCComp201P_008-SMPRSenarathne_COBSCComp201P_008UITests-checkManifestLockResult.txt",
			);
			runOnlyForDeploymentPostprocessing = 0;
			shellPath = /bin/sh;
			shellScript = "diff \"${PODS_PODFILE_DIR_PATH}/Podfile.lock\" \"${PODS_ROOT}/Manifest.lock\" > /dev/null\nif [ $? != 0 ] ; then\n    # print error to STDERR\n    echo \"error: The sandbox is not in sync with the Podfile.lock. Run 'pod install' or update your CocoaPods installation.\" >&2\n    exit 1\nfi\n# This output is used by Xcode 'outputs' to avoid re-running this script phase.\necho \"SUCCESS\" > \"${SCRIPT_OUTPUT_FILE_0}\"\n";
			showEnvVarsInLog = 0;
		};
		D8B86408E143733573549662 /* [CP] Check Pods Manifest.lock */ = {
			isa = PBXShellScriptBuildPhase;
			buildActionMask = 2147483647;
			files = (
			);
			inputFileListPaths = (
			);
			inputPaths = (
				"${PODS_PODFILE_DIR_PATH}/Podfile.lock",
				"${PODS_ROOT}/Manifest.lock",
			);
			name = "[CP] Check Pods Manifest.lock";
			outputFileListPaths = (
			);
			outputPaths = (
				"$(DERIVED_FILE_DIR)/Pods-SMPRSenarathne_COBSCComp201P_008-checkManifestLockResult.txt",
			);
			runOnlyForDeploymentPostprocessing = 0;
			shellPath = /bin/sh;
			shellScript = "diff \"${PODS_PODFILE_DIR_PATH}/Podfile.lock\" \"${PODS_ROOT}/Manifest.lock\" > /dev/null\nif [ $? != 0 ] ; then\n    # print error to STDERR\n    echo \"error: The sandbox is not in sync with the Podfile.lock. Run 'pod install' or update your CocoaPods installation.\" >&2\n    exit 1\nfi\n# This output is used by Xcode 'outputs' to avoid re-running this script phase.\necho \"SUCCESS\" > \"${SCRIPT_OUTPUT_FILE_0}\"\n";
			showEnvVarsInLog = 0;
		};
/* End PBXShellScriptBuildPhase section */

/* Begin PBXSourcesBuildPhase section */
		2257C31F2737A3E000699FDF /* Sources */ = {
			isa = PBXSourcesBuildPhase;
			buildActionMask = 2147483647;
			files = (
				2257C35D2737A6FC00699FDF /* ParkingLotModel.swift in Sources */,
				2257C35F2737A74B00699FDF /* SignInView.swift in Sources */,
				227898F5273C1B5C00E0B27A /* ForgotPasswordView.swift in Sources */,
				2257C3292737A3E000699FDF /* ContentView.swift in Sources */,
				2257C3652737A7B600699FDF /* HomeView.swift in Sources */,
				2257C36B2737A83F00699FDF /* BookingViewModel.swift in Sources */,
				2257C3632737A79A00699FDF /* SettingsView.swift in Sources */,
				2257C35B2737A6D900699FDF /* MemberModel.swift in Sources */,
				2257C3612737A77500699FDF /* SignUpView.swift in Sources */,
				2257C3692737A81B00699FDF /* HomeViewModel.swift in Sources */,
				2257C3272737A3E000699FDF /* SMPRSenarathne_COBSCComp201P_008App.swift in Sources */,
				2257C3592737A6B400699FDF /* UserModel.swift in Sources */,
				2257C3672737A7F200699FDF /* BookingView.swift in Sources */,
				2257C3572737A69200699FDF /* AuthViewModel.swift in Sources */,
				2232CB7927474C0300441E6D /* AuthService.swift in Sources */,
				2257C36D2737A85900699FDF /* SettingsViewModel.swift in Sources */,
				22B1F5952737D828002CF7EF /* BookingModel.swift in Sources */,
			);
			runOnlyForDeploymentPostprocessing = 0;
		};
		2257C32F2737A3E100699FDF /* Sources */ = {
			isa = PBXSourcesBuildPhase;
			buildActionMask = 2147483647;
			files = (
				2257C3382737A3E100699FDF /* SMPRSenarathne_COBSCComp201P_008Tests.swift in Sources */,
				2232CB7B274753D800441E6D /* AuthViewModelSpec.swift in Sources */,
				2232CB7E2747548300441E6D /* MockAuthService.swift in Sources */,
			);
			runOnlyForDeploymentPostprocessing = 0;
		};
		2257C3392737A3E100699FDF /* Sources */ = {
			isa = PBXSourcesBuildPhase;
			buildActionMask = 2147483647;
			files = (
				2257C3422737A3E100699FDF /* SMPRSenarathne_COBSCComp201P_008UITests.swift in Sources */,
				2257C3442737A3E100699FDF /* SMPRSenarathne_COBSCComp201P_008UITestsLaunchTests.swift in Sources */,
			);
			runOnlyForDeploymentPostprocessing = 0;
		};
/* End PBXSourcesBuildPhase section */

/* Begin PBXTargetDependency section */
		2257C3352737A3E100699FDF /* PBXTargetDependency */ = {
			isa = PBXTargetDependency;
			target = 2257C3222737A3E000699FDF /* SMPRSenarathne_COBSCComp201P_008 */;
			targetProxy = 2257C3342737A3E100699FDF /* PBXContainerItemProxy */;
		};
		2257C33F2737A3E100699FDF /* PBXTargetDependency */ = {
			isa = PBXTargetDependency;
			target = 2257C3222737A3E000699FDF /* SMPRSenarathne_COBSCComp201P_008 */;
			targetProxy = 2257C33E2737A3E100699FDF /* PBXContainerItemProxy */;
		};
/* End PBXTargetDependency section */

/* Begin XCBuildConfiguration section */
		2257C3452737A3E100699FDF /* Debug */ = {
			isa = XCBuildConfiguration;
			buildSettings = {
				ALWAYS_SEARCH_USER_PATHS = NO;
				CLANG_ANALYZER_NONNULL = YES;
				CLANG_ANALYZER_NUMBER_OBJECT_CONVERSION = YES_AGGRESSIVE;
				CLANG_CXX_LANGUAGE_STANDARD = "gnu++17";
				CLANG_CXX_LIBRARY = "libc++";
				CLANG_ENABLE_MODULES = YES;
				CLANG_ENABLE_OBJC_ARC = YES;
				CLANG_ENABLE_OBJC_WEAK = YES;
				CLANG_WARN_BLOCK_CAPTURE_AUTORELEASING = YES;
				CLANG_WARN_BOOL_CONVERSION = YES;
				CLANG_WARN_COMMA = YES;
				CLANG_WARN_CONSTANT_CONVERSION = YES;
				CLANG_WARN_DEPRECATED_OBJC_IMPLEMENTATIONS = YES;
				CLANG_WARN_DIRECT_OBJC_ISA_USAGE = YES_ERROR;
				CLANG_WARN_DOCUMENTATION_COMMENTS = YES;
				CLANG_WARN_EMPTY_BODY = YES;
				CLANG_WARN_ENUM_CONVERSION = YES;
				CLANG_WARN_INFINITE_RECURSION = YES;
				CLANG_WARN_INT_CONVERSION = YES;
				CLANG_WARN_NON_LITERAL_NULL_CONVERSION = YES;
				CLANG_WARN_OBJC_IMPLICIT_RETAIN_SELF = YES;
				CLANG_WARN_OBJC_LITERAL_CONVERSION = YES;
				CLANG_WARN_OBJC_ROOT_CLASS = YES_ERROR;
				CLANG_WARN_QUOTED_INCLUDE_IN_FRAMEWORK_HEADER = YES;
				CLANG_WARN_RANGE_LOOP_ANALYSIS = YES;
				CLANG_WARN_STRICT_PROTOTYPES = YES;
				CLANG_WARN_SUSPICIOUS_MOVE = YES;
				CLANG_WARN_UNGUARDED_AVAILABILITY = YES_AGGRESSIVE;
				CLANG_WARN_UNREACHABLE_CODE = YES;
				CLANG_WARN__DUPLICATE_METHOD_MATCH = YES;
				COPY_PHASE_STRIP = NO;
				DEBUG_INFORMATION_FORMAT = dwarf;
				ENABLE_STRICT_OBJC_MSGSEND = YES;
				ENABLE_TESTABILITY = YES;
				GCC_C_LANGUAGE_STANDARD = gnu11;
				GCC_DYNAMIC_NO_PIC = NO;
				GCC_NO_COMMON_BLOCKS = YES;
				GCC_OPTIMIZATION_LEVEL = 0;
				GCC_PREPROCESSOR_DEFINITIONS = (
					"DEBUG=1",
					"$(inherited)",
				);
				GCC_WARN_64_TO_32_BIT_CONVERSION = YES;
				GCC_WARN_ABOUT_RETURN_TYPE = YES_ERROR;
				GCC_WARN_UNDECLARED_SELECTOR = YES;
				GCC_WARN_UNINITIALIZED_AUTOS = YES_AGGRESSIVE;
				GCC_WARN_UNUSED_FUNCTION = YES;
				GCC_WARN_UNUSED_VARIABLE = YES;
				IPHONEOS_DEPLOYMENT_TARGET = 15.0;
				MTL_ENABLE_DEBUG_INFO = INCLUDE_SOURCE;
				MTL_FAST_MATH = YES;
				ONLY_ACTIVE_ARCH = YES;
				SDKROOT = iphoneos;
				SWIFT_ACTIVE_COMPILATION_CONDITIONS = DEBUG;
				SWIFT_OPTIMIZATION_LEVEL = "-Onone";
			};
			name = Debug;
		};
		2257C3462737A3E100699FDF /* Release */ = {
			isa = XCBuildConfiguration;
			buildSettings = {
				ALWAYS_SEARCH_USER_PATHS = NO;
				CLANG_ANALYZER_NONNULL = YES;
				CLANG_ANALYZER_NUMBER_OBJECT_CONVERSION = YES_AGGRESSIVE;
				CLANG_CXX_LANGUAGE_STANDARD = "gnu++17";
				CLANG_CXX_LIBRARY = "libc++";
				CLANG_ENABLE_MODULES = YES;
				CLANG_ENABLE_OBJC_ARC = YES;
				CLANG_ENABLE_OBJC_WEAK = YES;
				CLANG_WARN_BLOCK_CAPTURE_AUTORELEASING = YES;
				CLANG_WARN_BOOL_CONVERSION = YES;
				CLANG_WARN_COMMA = YES;
				CLANG_WARN_CONSTANT_CONVERSION = YES;
				CLANG_WARN_DEPRECATED_OBJC_IMPLEMENTATIONS = YES;
				CLANG_WARN_DIRECT_OBJC_ISA_USAGE = YES_ERROR;
				CLANG_WARN_DOCUMENTATION_COMMENTS = YES;
				CLANG_WARN_EMPTY_BODY = YES;
				CLANG_WARN_ENUM_CONVERSION = YES;
				CLANG_WARN_INFINITE_RECURSION = YES;
				CLANG_WARN_INT_CONVERSION = YES;
				CLANG_WARN_NON_LITERAL_NULL_CONVERSION = YES;
				CLANG_WARN_OBJC_IMPLICIT_RETAIN_SELF = YES;
				CLANG_WARN_OBJC_LITERAL_CONVERSION = YES;
				CLANG_WARN_OBJC_ROOT_CLASS = YES_ERROR;
				CLANG_WARN_QUOTED_INCLUDE_IN_FRAMEWORK_HEADER = YES;
				CLANG_WARN_RANGE_LOOP_ANALYSIS = YES;
				CLANG_WARN_STRICT_PROTOTYPES = YES;
				CLANG_WARN_SUSPICIOUS_MOVE = YES;
				CLANG_WARN_UNGUARDED_AVAILABILITY = YES_AGGRESSIVE;
				CLANG_WARN_UNREACHABLE_CODE = YES;
				CLANG_WARN__DUPLICATE_METHOD_MATCH = YES;
				COPY_PHASE_STRIP = NO;
				DEBUG_INFORMATION_FORMAT = "dwarf-with-dsym";
				ENABLE_NS_ASSERTIONS = NO;
				ENABLE_STRICT_OBJC_MSGSEND = YES;
				GCC_C_LANGUAGE_STANDARD = gnu11;
				GCC_NO_COMMON_BLOCKS = YES;
				GCC_WARN_64_TO_32_BIT_CONVERSION = YES;
				GCC_WARN_ABOUT_RETURN_TYPE = YES_ERROR;
				GCC_WARN_UNDECLARED_SELECTOR = YES;
				GCC_WARN_UNINITIALIZED_AUTOS = YES_AGGRESSIVE;
				GCC_WARN_UNUSED_FUNCTION = YES;
				GCC_WARN_UNUSED_VARIABLE = YES;
				IPHONEOS_DEPLOYMENT_TARGET = 15.0;
				MTL_ENABLE_DEBUG_INFO = NO;
				MTL_FAST_MATH = YES;
				SDKROOT = iphoneos;
				SWIFT_COMPILATION_MODE = wholemodule;
				SWIFT_OPTIMIZATION_LEVEL = "-O";
				VALIDATE_PRODUCT = YES;
			};
			name = Release;
		};
		2257C3482737A3E100699FDF /* Debug */ = {
			isa = XCBuildConfiguration;
			baseConfigurationReference = BF37FF2FECF592CF8F313611 /* Pods-SMPRSenarathne_COBSCComp201P_008.debug.xcconfig */;
			buildSettings = {
				ASSETCATALOG_COMPILER_APPICON_NAME = AppIcon;
				ASSETCATALOG_COMPILER_GLOBAL_ACCENT_COLOR_NAME = AccentColor;
				CODE_SIGN_STYLE = Automatic;
				CURRENT_PROJECT_VERSION = 1;
				DEVELOPMENT_ASSET_PATHS = "\"SMPRSenarathne_COBSCComp201P_008/Preview Content\"";
				ENABLE_PREVIEWS = YES;
				GENERATE_INFOPLIST_FILE = YES;
				INFOPLIST_FILE = "SMPRSenarathne-COBSCComp201P-008-Info.plist";
				INFOPLIST_KEY_NSCameraUsageDescription = "We need the Camera to scan QR Code. ";
				INFOPLIST_KEY_UIApplicationSceneManifest_Generation = YES;
				INFOPLIST_KEY_UIApplicationSupportsIndirectInputEvents = YES;
				INFOPLIST_KEY_UILaunchScreen_Generation = YES;
				INFOPLIST_KEY_UILaunchStoryboardName = LaunchView;
				INFOPLIST_KEY_UISupportedInterfaceOrientations_iPad = "UIInterfaceOrientationPortrait UIInterfaceOrientationPortraitUpsideDown UIInterfaceOrientationLandscapeLeft UIInterfaceOrientationLandscapeRight";
				INFOPLIST_KEY_UISupportedInterfaceOrientations_iPhone = "UIInterfaceOrientationPortrait UIInterfaceOrientationLandscapeLeft UIInterfaceOrientationLandscapeRight";
				INFOPLIST_KEY_UIUserInterfaceStyle = Light;
				IPHONEOS_DEPLOYMENT_TARGET = 15.0;
				LD_RUNPATH_SEARCH_PATHS = (
					"$(inherited)",
					"@executable_path/Frameworks",
				);
				MARKETING_VERSION = 1.0;
				PRODUCT_BUNDLE_IDENTIFIER = "com.nibm.SMPRSenarathne-COBSCComp201P-008";
				PRODUCT_NAME = "$(TARGET_NAME)";
				SWIFT_EMIT_LOC_STRINGS = YES;
				SWIFT_VERSION = 5.0;
				TARGETED_DEVICE_FAMILY = "1,2";
			};
			name = Debug;
		};
		2257C3492737A3E100699FDF /* Release */ = {
			isa = XCBuildConfiguration;
			baseConfigurationReference = 370684B91C372D2D27B386D2 /* Pods-SMPRSenarathne_COBSCComp201P_008.release.xcconfig */;
			buildSettings = {
				ASSETCATALOG_COMPILER_APPICON_NAME = AppIcon;
				ASSETCATALOG_COMPILER_GLOBAL_ACCENT_COLOR_NAME = AccentColor;
				CODE_SIGN_STYLE = Automatic;
				CURRENT_PROJECT_VERSION = 1;
				DEVELOPMENT_ASSET_PATHS = "\"SMPRSenarathne_COBSCComp201P_008/Preview Content\"";
				ENABLE_PREVIEWS = YES;
				GENERATE_INFOPLIST_FILE = YES;
				INFOPLIST_FILE = "SMPRSenarathne-COBSCComp201P-008-Info.plist";
				INFOPLIST_KEY_NSCameraUsageDescription = "We need the Camera to scan QR Code. ";
				INFOPLIST_KEY_UIApplicationSceneManifest_Generation = YES;
				INFOPLIST_KEY_UIApplicationSupportsIndirectInputEvents = YES;
				INFOPLIST_KEY_UILaunchScreen_Generation = YES;
				INFOPLIST_KEY_UILaunchStoryboardName = LaunchView;
				INFOPLIST_KEY_UISupportedInterfaceOrientations_iPad = "UIInterfaceOrientationPortrait UIInterfaceOrientationPortraitUpsideDown UIInterfaceOrientationLandscapeLeft UIInterfaceOrientationLandscapeRight";
				INFOPLIST_KEY_UISupportedInterfaceOrientations_iPhone = "UIInterfaceOrientationPortrait UIInterfaceOrientationLandscapeLeft UIInterfaceOrientationLandscapeRight";
				INFOPLIST_KEY_UIUserInterfaceStyle = Light;
				IPHONEOS_DEPLOYMENT_TARGET = 15.0;
				LD_RUNPATH_SEARCH_PATHS = (
					"$(inherited)",
					"@executable_path/Frameworks",
				);
				MARKETING_VERSION = 1.0;
				PRODUCT_BUNDLE_IDENTIFIER = "com.nibm.SMPRSenarathne-COBSCComp201P-008";
				PRODUCT_NAME = "$(TARGET_NAME)";
				SWIFT_EMIT_LOC_STRINGS = YES;
				SWIFT_VERSION = 5.0;
				TARGETED_DEVICE_FAMILY = "1,2";
			};
			name = Release;
		};
		2257C34B2737A3E100699FDF /* Debug */ = {
			isa = XCBuildConfiguration;
			baseConfigurationReference = D1DBCFA272BCF9779728D35B /* Pods-SMPRSenarathne_COBSCComp201P_008Tests.debug.xcconfig */;
			buildSettings = {
				ALWAYS_EMBED_SWIFT_STANDARD_LIBRARIES = YES;
				BUNDLE_LOADER = "$(TEST_HOST)";
				CODE_SIGN_STYLE = Automatic;
				CURRENT_PROJECT_VERSION = 1;
				GENERATE_INFOPLIST_FILE = YES;
				IPHONEOS_DEPLOYMENT_TARGET = 15.0;
				LD_RUNPATH_SEARCH_PATHS = (
					"$(inherited)",
					"@executable_path/Frameworks",
					"@loader_path/Frameworks",
				);
				MARKETING_VERSION = 1.0;
				PRODUCT_BUNDLE_IDENTIFIER = "com.nibm.SMPRSenarathne-COBSCComp201P-008Tests";
				PRODUCT_NAME = "$(TARGET_NAME)";
				SWIFT_EMIT_LOC_STRINGS = NO;
				SWIFT_VERSION = 5.0;
				TARGETED_DEVICE_FAMILY = "1,2";
				TEST_HOST = "$(BUILT_PRODUCTS_DIR)/SMPRSenarathne_COBSCComp201P_008.app/SMPRSenarathne_COBSCComp201P_008";
			};
			name = Debug;
		};
		2257C34C2737A3E100699FDF /* Release */ = {
			isa = XCBuildConfiguration;
			baseConfigurationReference = 63BE889F508BC910C7E80FC0 /* Pods-SMPRSenarathne_COBSCComp201P_008Tests.release.xcconfig */;
			buildSettings = {
				ALWAYS_EMBED_SWIFT_STANDARD_LIBRARIES = YES;
				BUNDLE_LOADER = "$(TEST_HOST)";
				CODE_SIGN_STYLE = Automatic;
				CURRENT_PROJECT_VERSION = 1;
				GENERATE_INFOPLIST_FILE = YES;
				IPHONEOS_DEPLOYMENT_TARGET = 15.0;
				LD_RUNPATH_SEARCH_PATHS = (
					"$(inherited)",
					"@executable_path/Frameworks",
					"@loader_path/Frameworks",
				);
				MARKETING_VERSION = 1.0;
				PRODUCT_BUNDLE_IDENTIFIER = "com.nibm.SMPRSenarathne-COBSCComp201P-008Tests";
				PRODUCT_NAME = "$(TARGET_NAME)";
				SWIFT_EMIT_LOC_STRINGS = NO;
				SWIFT_VERSION = 5.0;
				TARGETED_DEVICE_FAMILY = "1,2";
				TEST_HOST = "$(BUILT_PRODUCTS_DIR)/SMPRSenarathne_COBSCComp201P_008.app/SMPRSenarathne_COBSCComp201P_008";
			};
			name = Release;
		};
		2257C34E2737A3E100699FDF /* Debug */ = {
			isa = XCBuildConfiguration;
			baseConfigurationReference = 8097B27C3162D2F971694DAB /* Pods-SMPRSenarathne_COBSCComp201P_008-SMPRSenarathne_COBSCComp201P_008UITests.debug.xcconfig */;
			buildSettings = {
				ALWAYS_EMBED_SWIFT_STANDARD_LIBRARIES = YES;
				CODE_SIGN_STYLE = Automatic;
				CURRENT_PROJECT_VERSION = 1;
				GENERATE_INFOPLIST_FILE = YES;
				LD_RUNPATH_SEARCH_PATHS = (
					"$(inherited)",
					"@executable_path/Frameworks",
					"@loader_path/Frameworks",
				);
				MARKETING_VERSION = 1.0;
				PRODUCT_BUNDLE_IDENTIFIER = "com.nibm.SMPRSenarathne-COBSCComp201P-008UITests";
				PRODUCT_NAME = "$(TARGET_NAME)";
				SWIFT_EMIT_LOC_STRINGS = NO;
				SWIFT_VERSION = 5.0;
				TARGETED_DEVICE_FAMILY = "1,2";
				TEST_TARGET_NAME = SMPRSenarathne_COBSCComp201P_008;
			};
			name = Debug;
		};
		2257C34F2737A3E100699FDF /* Release */ = {
			isa = XCBuildConfiguration;
			baseConfigurationReference = 9CD9AC0F858D0BD24B1628E9 /* Pods-SMPRSenarathne_COBSCComp201P_008-SMPRSenarathne_COBSCComp201P_008UITests.release.xcconfig */;
			buildSettings = {
				ALWAYS_EMBED_SWIFT_STANDARD_LIBRARIES = YES;
				CODE_SIGN_STYLE = Automatic;
				CURRENT_PROJECT_VERSION = 1;
				GENERATE_INFOPLIST_FILE = YES;
				LD_RUNPATH_SEARCH_PATHS = (
					"$(inherited)",
					"@executable_path/Frameworks",
					"@loader_path/Frameworks",
				);
				MARKETING_VERSION = 1.0;
				PRODUCT_BUNDLE_IDENTIFIER = "com.nibm.SMPRSenarathne-COBSCComp201P-008UITests";
				PRODUCT_NAME = "$(TARGET_NAME)";
				SWIFT_EMIT_LOC_STRINGS = NO;
				SWIFT_VERSION = 5.0;
				TARGETED_DEVICE_FAMILY = "1,2";
				TEST_TARGET_NAME = SMPRSenarathne_COBSCComp201P_008;
			};
			name = Release;
		};
/* End XCBuildConfiguration section */

/* Begin XCConfigurationList section */
		2257C31E2737A3E000699FDF /* Build configuration list for PBXProject "SMPRSenarathne_COBSCComp201P_008" */ = {
			isa = XCConfigurationList;
			buildConfigurations = (
				2257C3452737A3E100699FDF /* Debug */,
				2257C3462737A3E100699FDF /* Release */,
			);
			defaultConfigurationIsVisible = 0;
			defaultConfigurationName = Release;
		};
		2257C3472737A3E100699FDF /* Build configuration list for PBXNativeTarget "SMPRSenarathne_COBSCComp201P_008" */ = {
			isa = XCConfigurationList;
			buildConfigurations = (
				2257C3482737A3E100699FDF /* Debug */,
				2257C3492737A3E100699FDF /* Release */,
			);
			defaultConfigurationIsVisible = 0;
			defaultConfigurationName = Release;
		};
		2257C34A2737A3E100699FDF /* Build configuration list for PBXNativeTarget "SMPRSenarathne_COBSCComp201P_008Tests" */ = {
			isa = XCConfigurationList;
			buildConfigurations = (
				2257C34B2737A3E100699FDF /* Debug */,
				2257C34C2737A3E100699FDF /* Release */,
			);
			defaultConfigurationIsVisible = 0;
			defaultConfigurationName = Release;
		};
		2257C34D2737A3E100699FDF /* Build configuration list for PBXNativeTarget "SMPRSenarathne_COBSCComp201P_008UITests" */ = {
			isa = XCConfigurationList;
			buildConfigurations = (
				2257C34E2737A3E100699FDF /* Debug */,
				2257C34F2737A3E100699FDF /* Release */,
			);
			defaultConfigurationIsVisible = 0;
			defaultConfigurationName = Release;
		};
/* End XCConfigurationList section */

/* Begin XCRemoteSwiftPackageReference section */
		2232CB812747E49000441E6D /* XCRemoteSwiftPackageReference "CodeScanner" */ = {
			isa = XCRemoteSwiftPackageReference;
			repositoryURL = "https://github.com/twostraws/CodeScanner";
			requirement = {
				kind = upToNextMajorVersion;
				minimumVersion = 1.0.7;
			};
		};
/* End XCRemoteSwiftPackageReference section */

/* Begin XCSwiftPackageProductDependency section */
		2232CB822747E49000441E6D /* CodeScanner */ = {
			isa = XCSwiftPackageProductDependency;
			package = 2232CB812747E49000441E6D /* XCRemoteSwiftPackageReference "CodeScanner" */;
			productName = CodeScanner;
		};
/* End XCSwiftPackageProductDependency section */
	};
	rootObject = 2257C31B2737A3E000699FDF /* Project object */;
}
